Microsoft Visual Studio Solution File, Format Version 12.00
# Visual Studio 15
VisualStudioVersion = 15.0.26124.0
MinimumVisualStudioVersion = 15.0.26124.0
Project("{2150E333-8FDC-42A3-9474-1A3956D46DE8}") = "src", "src", "{CED586AC-C7B4-48A4-AAF1-FE3E79E1EF95}"
EndProject
Project("{9A19103F-16F7-4668-BE54-9A1E7A4F7556}") = "GuardianNet", "src\GuardianNet\GuardianNet.csproj", "{61511096-CAF9-453E-9788-C9B136E06BB5}"
EndProject
Project("{2150E333-8FDC-42A3-9474-1A3956D46DE8}") = "test", "test", "{DFCEF332-D931-4CA8-8281-96FC3263F74C}"
EndProject
Project("{9A19103F-16F7-4668-BE54-9A1E7A4F7556}") = "GuardianNetTest", "test\GuardianNetTest\GuardianNetTest.csproj", "{6733AC75-E121-4BE1-B12C-F123AAB85B16}"
EndProject
Global
	GlobalSection(SolutionConfigurationPlatforms) = preSolution
		Debug|Any CPU = Debug|Any CPU
		Debug|x64 = Debug|x64
		Debug|x86 = Debug|x86
		Release|Any CPU = Release|Any CPU
		Release|x64 = Release|x64
		Release|x86 = Release|x86
	EndGlobalSection
	GlobalSection(ProjectConfigurationPlatforms) = postSolution
		{61511096-CAF9-453E-9788-C9B136E06BB5}.Debug|Any CPU.ActiveCfg = Debug|Any CPU
		{61511096-CAF9-453E-9788-C9B136E06BB5}.Debug|Any CPU.Build.0 = Debug|Any CPU
		{61511096-CAF9-453E-9788-C9B136E06BB5}.Debug|x64.ActiveCfg = Debug|Any CPU
		{61511096-CAF9-453E-9788-C9B136E06BB5}.Debug|x64.Build.0 = Debug|Any CPU
		{61511096-CAF9-453E-9788-C9B136E06BB5}.Debug|x86.ActiveCfg = Debug|Any CPU
		{61511096-CAF9-453E-9788-C9B136E06BB5}.Debug|x86.Build.0 = Debug|Any CPU
		{61511096-CAF9-453E-9788-C9B136E06BB5}.Release|Any CPU.ActiveCfg = Release|Any CPU
		{61511096-CAF9-453E-9788-C9B136E06BB5}.Release|Any CPU.Build.0 = Release|Any CPU
		{61511096-CAF9-453E-9788-C9B136E06BB5}.Release|x64.ActiveCfg = Release|Any CPU
		{61511096-CAF9-453E-9788-C9B136E06BB5}.Release|x64.Build.0 = Release|Any CPU
		{61511096-CAF9-453E-9788-C9B136E06BB5}.Release|x86.ActiveCfg = Release|Any CPU
		{61511096-CAF9-453E-9788-C9B136E06BB5}.Release|x86.Build.0 = Release|Any CPU
		{6733AC75-E121-4BE1-B12C-F123AAB85B16}.Debug|Any CPU.ActiveCfg = Debug|Any CPU
		{6733AC75-E121-4BE1-B12C-F123AAB85B16}.Debug|Any CPU.Build.0 = Debug|Any CPU
		{6733AC75-E121-4BE1-B12C-F123AAB85B16}.Debug|x64.ActiveCfg = Debug|Any CPU
		{6733AC75-E121-4BE1-B12C-F123AAB85B16}.Debug|x64.Build.0 = Debug|Any CPU
		{6733AC75-E121-4BE1-B12C-F123AAB85B16}.Debug|x86.ActiveCfg = Debug|Any CPU
		{6733AC75-E121-4BE1-B12C-F123AAB85B16}.Debug|x86.Build.0 = Debug|Any CPU
		{6733AC75-E121-4BE1-B12C-F123AAB85B16}.Release|Any CPU.ActiveCfg = Release|Any CPU
		{6733AC75-E121-4BE1-B12C-F123AAB85B16}.Release|Any CPU.Build.0 = Release|Any CPU
		{6733AC75-E121-4BE1-B12C-F123AAB85B16}.Release|x64.ActiveCfg = Release|Any CPU
		{6733AC75-E121-4BE1-B12C-F123AAB85B16}.Release|x64.Build.0 = Release|Any CPU
		{6733AC75-E121-4BE1-B12C-F123AAB85B16}.Release|x86.ActiveCfg = Release|Any CPU
		{6733AC75-E121-4BE1-B12C-F123AAB85B16}.Release|x86.Build.0 = Release|Any CPU
	EndGlobalSection
	GlobalSection(SolutionProperties) = preSolution
		HideSolutionNode = FALSE
	EndGlobalSection
	GlobalSection(NestedProjects) = preSolution
		{61511096-CAF9-453E-9788-C9B136E06BB5} = {CED586AC-C7B4-48A4-AAF1-FE3E79E1EF95}
		{6733AC75-E121-4BE1-B12C-F123AAB85B16} = {DFCEF332-D931-4CA8-8281-96FC3263F74C}
	EndGlobalSection
	GlobalSection(ExtensibilityGlobals) = postSolution
		SolutionGuid = {7C216CA1-01B8-4088-AD6D-5B3FD71986D0}
	EndGlobalSection
EndGlobal
